// !$*UTF8*$!
{
	archiveVersion = 1;
	classes = {
	};
	objectVersion = 56;
	objects = {

/* Begin PBXBuildFile section */
		17A9345929697BFF004EE3CA /* OnboardingViewController.xib in Resources */ = {isa = PBXBuildFile; fileRef = 17A9345729697BFF004EE3CA /* OnboardingViewController.xib */; };
		17A9345A29697BFF004EE3CA /* OnboardingViewController.swift in Sources */ = {isa = PBXBuildFile; fileRef = 17A9345829697BFF004EE3CA /* OnboardingViewController.swift */; };
		17A9345C29697C09004EE3CA /* Coordinator.swift in Sources */ = {isa = PBXBuildFile; fileRef = 17A9345B29697C09004EE3CA /* Coordinator.swift */; };
		17A9345E296983E9004EE3CA /* CIImage+Extension.swift in Sources */ = {isa = PBXBuildFile; fileRef = 17A9345D296983E9004EE3CA /* CIImage+Extension.swift */; };
		17DF3B362965FD3400FA0E23 /* AboutViewController.swift in Sources */ = {isa = PBXBuildFile; fileRef = 17DF3B2C2965FD3400FA0E23 /* AboutViewController.swift */; };
		17DF3B372965FD3400FA0E23 /* AppDelegate.swift in Sources */ = {isa = PBXBuildFile; fileRef = 17DF3B2D2965FD3400FA0E23 /* AppDelegate.swift */; };
		17DF3B392965FD3400FA0E23 /* Assets.xcassets in Resources */ = {isa = PBXBuildFile; fileRef = 17DF3B302965FD3400FA0E23 /* Assets.xcassets */; };
		17DF3B3A2965FD3400FA0E23 /* LaunchScreen.storyboard in Resources */ = {isa = PBXBuildFile; fileRef = 17DF3B312965FD3400FA0E23 /* LaunchScreen.storyboard */; };
		17DF3B3F296627F100FA0E23 /* AboutViewController.xib in Resources */ = {isa = PBXBuildFile; fileRef = 17DF3B3E296627F100FA0E23 /* AboutViewController.xib */; };
		17DF3B4129662EE600FA0E23 /* UIView+Snapshot.swift in Sources */ = {isa = PBXBuildFile; fileRef = 17DF3B4029662EE600FA0E23 /* UIView+Snapshot.swift */; };
/* End PBXBuildFile section */

/* Begin PBXFileReference section */
		17A9345729697BFF004EE3CA /* OnboardingViewController.xib */ = {isa = PBXFileReference; fileEncoding = 4; lastKnownFileType = file.xib; path = OnboardingViewController.xib; sourceTree = "<group>"; };
		17A9345829697BFF004EE3CA /* OnboardingViewController.swift */ = {isa = PBXFileReference; fileEncoding = 4; lastKnownFileType = sourcecode.swift; path = OnboardingViewController.swift; sourceTree = "<group>"; };
		17A9345B29697C09004EE3CA /* Coordinator.swift */ = {isa = PBXFileReference; lastKnownFileType = sourcecode.swift; path = Coordinator.swift; sourceTree = "<group>"; };
		17A9345D296983E9004EE3CA /* CIImage+Extension.swift */ = {isa = PBXFileReference; lastKnownFileType = sourcecode.swift; path = "CIImage+Extension.swift"; sourceTree = "<group>"; };
		17DF3B142965FCF900FA0E23 /* IntroductionToCoreImage.app */ = {isa = PBXFileReference; explicitFileType = wrapper.application; includeInIndex = 0; path = IntroductionToCoreImage.app; sourceTree = BUILT_PRODUCTS_DIR; };
		17DF3B2C2965FD3400FA0E23 /* AboutViewController.swift */ = {isa = PBXFileReference; fileEncoding = 4; lastKnownFileType = sourcecode.swift; path = AboutViewController.swift; sourceTree = "<group>"; };
		17DF3B2D2965FD3400FA0E23 /* AppDelegate.swift */ = {isa = PBXFileReference; fileEncoding = 4; lastKnownFileType = sourcecode.swift; path = AppDelegate.swift; sourceTree = "<group>"; };
		17DF3B302965FD3400FA0E23 /* Assets.xcassets */ = {isa = PBXFileReference; lastKnownFileType = folder.assetcatalog; path = Assets.xcassets; sourceTree = "<group>"; };
		17DF3B322965FD3400FA0E23 /* Base */ = {isa = PBXFileReference; lastKnownFileType = file.storyboard; name = Base; path = Base.lproj/LaunchScreen.storyboard; sourceTree = "<group>"; };
		17DF3B352965FD3400FA0E23 /* Info.plist */ = {isa = PBXFileReference; fileEncoding = 4; lastKnownFileType = text.plist.xml; path = Info.plist; sourceTree = "<group>"; };
		17DF3B3E296627F100FA0E23 /* AboutViewController.xib */ = {isa = PBXFileReference; lastKnownFileType = file.xib; path = AboutViewController.xib; sourceTree = "<group>"; };
		17DF3B4029662EE600FA0E23 /* UIView+Snapshot.swift */ = {isa = PBXFileReference; lastKnownFileType = sourcecode.swift; path = "UIView+Snapshot.swift"; sourceTree = "<group>"; };
/* End PBXFileReference section */

/* Begin PBXFrameworksBuildPhase section */
		17DF3B112965FCF900FA0E23 /* Frameworks */ = {
			isa = PBXFrameworksBuildPhase;
			buildActionMask = 2147483647;
			files = (
			);
			runOnlyForDeploymentPostprocessing = 0;
		};
/* End PBXFrameworksBuildPhase section */

/* Begin PBXGroup section */
		17A9345629697BFF004EE3CA /* OnboardingViewController */ = {
			isa = PBXGroup;
			children = (
				17A9345829697BFF004EE3CA /* OnboardingViewController.swift */,
				17A9345729697BFF004EE3CA /* OnboardingViewController.xib */,
			);
			path = OnboardingViewController;
			sourceTree = "<group>";
		};
		17DF3B0B2965FCF900FA0E23 = {
			isa = PBXGroup;
			children = (
				17DF3B2B2965FD3400FA0E23 /* Sources */,
				17DF3B2F2965FD3400FA0E23 /* Resources */,
				17DF3B152965FCF900FA0E23 /* Products */,
			);
			sourceTree = "<group>";
		};
		17DF3B152965FCF900FA0E23 /* Products */ = {
			isa = PBXGroup;
			children = (
				17DF3B142965FCF900FA0E23 /* IntroductionToCoreImage.app */,
			);
			name = Products;
			sourceTree = "<group>";
		};
		17DF3B2B2965FD3400FA0E23 /* Sources */ = {
			isa = PBXGroup;
			children = (
				17A9345629697BFF004EE3CA /* OnboardingViewController */,
				17DF3B3D2965FEFC00FA0E23 /* AboutViewController */,
				17DF3B2D2965FD3400FA0E23 /* AppDelegate.swift */,
				17A9345B29697C09004EE3CA /* Coordinator.swift */,
				17DF3B4029662EE600FA0E23 /* UIView+Snapshot.swift */,
				17A9345D296983E9004EE3CA /* CIImage+Extension.swift */,
			);
			path = Sources;
			sourceTree = "<group>";
		};
		17DF3B2F2965FD3400FA0E23 /* Resources */ = {
			isa = PBXGroup;
			children = (
				17DF3B302965FD3400FA0E23 /* Assets.xcassets */,
				17DF3B312965FD3400FA0E23 /* LaunchScreen.storyboard */,
				17DF3B352965FD3400FA0E23 /* Info.plist */,
			);
			path = Resources;
			sourceTree = "<group>";
		};
		17DF3B3D2965FEFC00FA0E23 /* AboutViewController */ = {
			isa = PBXGroup;
			children = (
				17DF3B2C2965FD3400FA0E23 /* AboutViewController.swift */,
				17DF3B3E296627F100FA0E23 /* AboutViewController.xib */,
			);
			path = AboutViewController;
			sourceTree = "<group>";
		};
/* End PBXGroup section */

/* Begin PBXNativeTarget section */
		17DF3B132965FCF900FA0E23 /* IntroductionToCoreImage */ = {
			isa = PBXNativeTarget;
			buildConfigurationList = 17DF3B282965FCFA00FA0E23 /* Build configuration list for PBXNativeTarget "IntroductionToCoreImage" */;
			buildPhases = (
				17DF3B102965FCF900FA0E23 /* Sources */,
				17DF3B112965FCF900FA0E23 /* Frameworks */,
				17DF3B122965FCF900FA0E23 /* Resources */,
			);
			buildRules = (
			);
			dependencies = (
			);
			name = IntroductionToCoreImage;
			productName = IntroductionToCoreImage;
			productReference = 17DF3B142965FCF900FA0E23 /* IntroductionToCoreImage.app */;
			productType = "com.apple.product-type.application";
		};
/* End PBXNativeTarget section */

/* Begin PBXProject section */
		17DF3B0C2965FCF900FA0E23 /* Project object */ = {
			isa = PBXProject;
			attributes = {
				BuildIndependentTargetsInParallel = 1;
				LastSwiftUpdateCheck = 1420;
				LastUpgradeCheck = 1420;
				TargetAttributes = {
					17DF3B132965FCF900FA0E23 = {
						CreatedOnToolsVersion = 14.2;
					};
				};
			};
			buildConfigurationList = 17DF3B0F2965FCF900FA0E23 /* Build configuration list for PBXProject "IntroductionToCoreImage" */;
			compatibilityVersion = "Xcode 14.0";
			developmentRegion = en;
			hasScannedForEncodings = 0;
			knownRegions = (
				en,
				Base,
			);
			mainGroup = 17DF3B0B2965FCF900FA0E23;
			productRefGroup = 17DF3B152965FCF900FA0E23 /* Products */;
			projectDirPath = "";
			projectRoot = "";
			targets = (
				17DF3B132965FCF900FA0E23 /* IntroductionToCoreImage */,
			);
		};
/* End PBXProject section */

/* Begin PBXResourcesBuildPhase section */
		17DF3B122965FCF900FA0E23 /* Resources */ = {
			isa = PBXResourcesBuildPhase;
			buildActionMask = 2147483647;
			files = (
				17DF3B392965FD3400FA0E23 /* Assets.xcassets in Resources */,
				17DF3B3F296627F100FA0E23 /* AboutViewController.xib in Resources */,
				17DF3B3A2965FD3400FA0E23 /* LaunchScreen.storyboard in Resources */,
				17A9345929697BFF004EE3CA /* OnboardingViewController.xib in Resources */,
			);
			runOnlyForDeploymentPostprocessing = 0;
		};
/* End PBXResourcesBuildPhase section */

/* Begin PBXSourcesBuildPhase section */
		17DF3B102965FCF900FA0E23 /* Sources */ = {
			isa = PBXSourcesBuildPhase;
			buildActionMask = 2147483647;
			files = (
				17DF3B372965FD3400FA0E23 /* AppDelegate.swift in Sources */,
				17DF3B362965FD3400FA0E23 /* AboutViewController.swift in Sources */,
				17A9345C29697C09004EE3CA /* Coordinator.swift in Sources */,
				17A9345E296983E9004EE3CA /* CIImage+Extension.swift in Sources */,
				17DF3B4129662EE600FA0E23 /* UIView+Snapshot.swift in Sources */,
				17A9345A29697BFF004EE3CA /* OnboardingViewController.swift in Sources */,
			);
			runOnlyForDeploymentPostprocessing = 0;
		};
/* End PBXSourcesBuildPhase section */

/* Begin PBXVariantGroup section */
		17DF3B312965FD3400FA0E23 /* LaunchScreen.storyboard */ = {
			isa = PBXVariantGroup;
			children = (
				17DF3B322965FD3400FA0E23 /* Base */,
			);
			name = LaunchScreen.storyboard;
			sourceTree = "<group>";
		};
/* End PBXVariantGroup section */

/* Begin XCBuildConfiguration section */
		17DF3B262965FCFA00FA0E23 /* Debug */ = {
			isa = XCBuildConfiguration;
			buildSettings = {
				ALWAYS_SEARCH_USER_PATHS = NO;
				CLANG_ANALYZER_NONNULL = YES;
				CLANG_ANALYZER_NUMBER_OBJECT_CONVERSION = YES_AGGRESSIVE;
				CLANG_CXX_LANGUAGE_STANDARD = "gnu++20";
				CLANG_ENABLE_MODULES = YES;
				CLANG_ENABLE_OBJC_ARC = YES;
				CLANG_ENABLE_OBJC_WEAK = YES;
				CLANG_WARN_BLOCK_CAPTURE_AUTORELEASING = YES;
				CLANG_WARN_BOOL_CONVERSION = YES;
				CLANG_WARN_COMMA = YES;
				CLANG_WARN_CONSTANT_CONVERSION = YES;
				CLANG_WARN_DEPRECATED_OBJC_IMPLEMENTATIONS = YES;
				CLANG_WARN_DIRECT_OBJC_ISA_USAGE = YES_ERROR;
				CLANG_WARN_DOCUMENTATION_COMMENTS = YES;
				CLANG_WARN_EMPTY_BODY = YES;
				CLANG_WARN_ENUM_CONVERSION = YES;
				CLANG_WARN_INFINITE_RECURSION = YES;
				CLANG_WARN_INT_CONVERSION = YES;
				CLANG_WARN_NON_LITERAL_NULL_CONVERSION = YES;
				CLANG_WARN_OBJC_IMPLICIT_RETAIN_SELF = YES;
				CLANG_WARN_OBJC_LITERAL_CONVERSION = YES;
				CLANG_WARN_OBJC_ROOT_CLASS = YES_ERROR;
				CLANG_WARN_QUOTED_INCLUDE_IN_FRAMEWORK_HEADER = YES;
				CLANG_WARN_RANGE_LOOP_ANALYSIS = YES;
				CLANG_WARN_STRICT_PROTOTYPES = YES;
				CLANG_WARN_SUSPICIOUS_MOVE = YES;
				CLANG_WARN_UNGUARDED_AVAILABILITY = YES_AGGRESSIVE;
				CLANG_WARN_UNREACHABLE_CODE = YES;
				CLANG_WARN__DUPLICATE_METHOD_MATCH = YES;
				COPY_PHASE_STRIP = NO;
				DEBUG_INFORMATION_FORMAT = dwarf;
				ENABLE_STRICT_OBJC_MSGSEND = YES;
				ENABLE_TESTABILITY = YES;
				GCC_C_LANGUAGE_STANDARD = gnu11;
				GCC_DYNAMIC_NO_PIC = NO;
				GCC_NO_COMMON_BLOCKS = YES;
				GCC_OPTIMIZATION_LEVEL = 0;
				GCC_PREPROCESSOR_DEFINITIONS = (
					"DEBUG=1",
					"$(inherited)",
				);
				GCC_WARN_64_TO_32_BIT_CONVERSION = YES;
				GCC_WARN_ABOUT_RETURN_TYPE = YES_ERROR;
				GCC_WARN_UNDECLARED_SELECTOR = YES;
				GCC_WARN_UNINITIALIZED_AUTOS = YES_AGGRESSIVE;
				GCC_WARN_UNUSED_FUNCTION = YES;
				GCC_WARN_UNUSED_VARIABLE = YES;
				IPHONEOS_DEPLOYMENT_TARGET = 16.2;
				MTL_ENABLE_DEBUG_INFO = INCLUDE_SOURCE;
				MTL_FAST_MATH = YES;
				ONLY_ACTIVE_ARCH = YES;
				SDKROOT = iphoneos;
				SWIFT_ACTIVE_COMPILATION_CONDITIONS = DEBUG;
				SWIFT_OPTIMIZATION_LEVEL = "-Onone";
			};
			name = Debug;
		};
		17DF3B272965FCFA00FA0E23 /* Release */ = {
			isa = XCBuildConfiguration;
			buildSettings = {
				ALWAYS_SEARCH_USER_PATHS = NO;
				CLANG_ANALYZER_NONNULL = YES;
				CLANG_ANALYZER_NUMBER_OBJECT_CONVERSION = YES_AGGRESSIVE;
				CLANG_CXX_LANGUAGE_STANDARD = "gnu++20";
				CLANG_ENABLE_MODULES = YES;
				CLANG_ENABLE_OBJC_ARC = YES;
				CLANG_ENABLE_OBJC_WEAK = YES;
				CLANG_WARN_BLOCK_CAPTURE_AUTORELEASING = YES;
				CLANG_WARN_BOOL_CONVERSION = YES;
				CLANG_WARN_COMMA = YES;
				CLANG_WARN_CONSTANT_CONVERSION = YES;
				CLANG_WARN_DEPRECATED_OBJC_IMPLEMENTATIONS = YES;
				CLANG_WARN_DIRECT_OBJC_ISA_USAGE = YES_ERROR;
				CLANG_WARN_DOCUMENTATION_COMMENTS = YES;
				CLANG_WARN_EMPTY_BODY = YES;
				CLANG_WARN_ENUM_CONVERSION = YES;
				CLANG_WARN_INFINITE_RECURSION = YES;
				CLANG_WARN_INT_CONVERSION = YES;
				CLANG_WARN_NON_LITERAL_NULL_CONVERSION = YES;
				CLANG_WARN_OBJC_IMPLICIT_RETAIN_SELF = YES;
				CLANG_WARN_OBJC_LITERAL_CONVERSION = YES;
				CLANG_WARN_OBJC_ROOT_CLASS = YES_ERROR;
				CLANG_WARN_QUOTED_INCLUDE_IN_FRAMEWORK_HEADER = YES;
				CLANG_WARN_RANGE_LOOP_ANALYSIS = YES;
				CLANG_WARN_STRICT_PROTOTYPES = YES;
				CLANG_WARN_SUSPICIOUS_MOVE = YES;
				CLANG_WARN_UNGUARDED_AVAILABILITY = YES_AGGRESSIVE;
				CLANG_WARN_UNREACHABLE_CODE = YES;
				CLANG_WARN__DUPLICATE_METHOD_MATCH = YES;
				COPY_PHASE_STRIP = NO;
				DEBUG_INFORMATION_FORMAT = "dwarf-with-dsym";
				ENABLE_NS_ASSERTIONS = NO;
				ENABLE_STRICT_OBJC_MSGSEND = YES;
				GCC_C_LANGUAGE_STANDARD = gnu11;
				GCC_NO_COMMON_BLOCKS = YES;
				GCC_WARN_64_TO_32_BIT_CONVERSION = YES;
				GCC_WARN_ABOUT_RETURN_TYPE = YES_ERROR;
				GCC_WARN_UNDECLARED_SELECTOR = YES;
				GCC_WARN_UNINITIALIZED_AUTOS = YES_AGGRESSIVE;
				GCC_WARN_UNUSED_FUNCTION = YES;
				GCC_WARN_UNUSED_VARIABLE = YES;
				IPHONEOS_DEPLOYMENT_TARGET = 16.2;
				MTL_ENABLE_DEBUG_INFO = NO;
				MTL_FAST_MATH = YES;
				SDKROOT = iphoneos;
				SWIFT_COMPILATION_MODE = wholemodule;
				SWIFT_OPTIMIZATION_LEVEL = "-O";
				VALIDATE_PRODUCT = YES;
			};
			name = Release;
		};
		17DF3B292965FCFA00FA0E23 /* Debug */ = {
			isa = XCBuildConfiguration;
			buildSettings = {
				ASSETCATALOG_COMPILER_APPICON_NAME = AppIcon;
				ASSETCATALOG_COMPILER_GLOBAL_ACCENT_COLOR_NAME = AccentColor;
				CODE_SIGN_STYLE = Automatic;
				CURRENT_PROJECT_VERSION = 1;
				DEVELOPMENT_TEAM = MFJ56485D9;
				GENERATE_INFOPLIST_FILE = YES;
				INFOPLIST_FILE = Resources/Info.plist;
				INFOPLIST_KEY_UIApplicationSupportsIndirectInputEvents = YES;
				INFOPLIST_KEY_UILaunchStoryboardName = LaunchScreen;
				INFOPLIST_KEY_UISupportedInterfaceOrientations_iPad = "UIInterfaceOrientationPortrait UIInterfaceOrientationPortraitUpsideDown UIInterfaceOrientationLandscapeLeft UIInterfaceOrientationLandscapeRight";
				INFOPLIST_KEY_UISupportedInterfaceOrientations_iPhone = "UIInterfaceOrientationPortrait UIInterfaceOrientationLandscapeLeft UIInterfaceOrientationLandscapeRight";
				IPHONEOS_DEPLOYMENT_TARGET = 15.0;
				LD_RUNPATH_SEARCH_PATHS = (
					"$(inherited)",
					"@executable_path/Frameworks",
				);
				MARKETING_VERSION = 1.0;
				PRODUCT_BUNDLE_IDENTIFIER = com.olotiar.IntroductionToCoreImage;
				PRODUCT_NAME = "$(TARGET_NAME)";
				SWIFT_EMIT_LOC_STRINGS = YES;
				SWIFT_VERSION = 5.0;
				TARGETED_DEVICE_FAMILY = "1,2";
			};
			name = Debug;
		};
		17DF3B2A2965FCFA00FA0E23 /* Release */ = {
			isa = XCBuildConfiguration;
			buildSettings = {
				ASSETCATALOG_COMPILER_APPICON_NAME = AppIcon;
				ASSETCATALOG_COMPILER_GLOBAL_ACCENT_COLOR_NAME = AccentColor;
				CODE_SIGN_STYLE = Automatic;
				CURRENT_PROJECT_VERSION = 1;
				DEVELOPMENT_TEAM = MFJ56485D9;
				GENERATE_INFOPLIST_FILE = YES;
				INFOPLIST_FILE = Resources/Info.plist;
				INFOPLIST_KEY_UIApplicationSupportsIndirectInputEvents = YES;
				INFOPLIST_KEY_UILaunchStoryboardName = LaunchScreen;
				INFOPLIST_KEY_UISupportedInterfaceOrientations_iPad = "UIInterfaceOrientationPortrait UIInterfaceOrientationPortraitUpsideDown UIInterfaceOrientationLandscapeLeft UIInterfaceOrientationLandscapeRight";
				INFOPLIST_KEY_UISupportedInterfaceOrientations_iPhone = "UIInterfaceOrientationPortrait UIInterfaceOrientationLandscapeLeft UIInterfaceOrientationLandscapeRight";
				IPHONEOS_DEPLOYMENT_TARGET = 15.0;
				LD_RUNPATH_SEARCH_PATHS = (
					"$(inherited)",
					"@executable_path/Frameworks",
				);
				MARKETING_VERSION = 1.0;
				PRODUCT_BUNDLE_IDENTIFIER = com.olotiar.IntroductionToCoreImage;
				PRODUCT_NAME = "$(TARGET_NAME)";
				SWIFT_EMIT_LOC_STRINGS = YES;
				SWIFT_VERSION = 5.0;
				TARGETED_DEVICE_FAMILY = "1,2";
			};
			name = Release;
		};
/* End XCBuildConfiguration section */

/* Begin XCConfigurationList section */
		17DF3B0F2965FCF900FA0E23 /* Build configuration list for PBXProject "IntroductionToCoreImage" */ = {
			isa = XCConfigurationList;
			buildConfigurations = (
				17DF3B262965FCFA00FA0E23 /* Debug */,
				17DF3B272965FCFA00FA0E23 /* Release */,
			);
			defaultConfigurationIsVisible = 0;
			defaultConfigurationName = Release;
		};
		17DF3B282965FCFA00FA0E23 /* Build configuration list for PBXNativeTarget "IntroductionToCoreImage" */ = {
			isa = XCConfigurationList;
			buildConfigurations = (
				17DF3B292965FCFA00FA0E23 /* Debug */,
				17DF3B2A2965FCFA00FA0E23 /* Release */,
			);
			defaultConfigurationIsVisible = 0;
			defaultConfigurationName = Release;
		};
/* End XCConfigurationList section */
	};
	rootObject = 17DF3B0C2965FCF900FA0E23 /* Project object */;
}
